
Microsoft Visual Studio Solution File, Format Version 12.00
# Visual Studio Version 16
VisualStudioVersion = 16.0.29613.14
MinimumVisualStudioVersion = 15.0.26124.0
Project("{9A19103F-16F7-4668-BE54-9A1E7A4F7556}") = "HIBP.Toolkit", "HIBP.Toolkit\HIBP.Toolkit.csproj", "{0E08B205-0989-437E-AAB0-2A03E1E820A0}"
EndProject
Project("{9A19103F-16F7-4668-BE54-9A1E7A4F7556}") = "HIBP.Toolkit.Tests", "HIBP.Toolkit.Tests\HIBP.Toolkit.Tests.csproj", "{DFBBE5D5-04F5-4577-AEB8-C12910327B55}"
EndProject
Project("{2150E333-8FDC-42A3-9474-1A3956D46DE8}") = "Solution Items", "Solution Items", "{947E18E8-8D77-4032-9BA6-7735891EF511}"
	ProjectSection(SolutionItems) = preProject
		.gitignore = .gitignore
		README.md = README.md
	EndProjectSection
EndProject
Global
	GlobalSection(SolutionConfigurationPlatforms) = preSolution
		Debug|Any CPU = Debug|Any CPU
		Debug|x64 = Debug|x64
		Debug|x86 = Debug|x86
		Release|Any CPU = Release|Any CPU
		Release|x64 = Release|x64
		Release|x86 = Release|x86
	EndGlobalSection
	GlobalSection(ProjectConfigurationPlatforms) = postSolution
		{0E08B205-0989-437E-AAB0-2A03E1E820A0}.Debug|Any CPU.ActiveCfg = Debug|Any CPU
		{0E08B205-0989-437E-AAB0-2A03E1E820A0}.Debug|Any CPU.Build.0 = Debug|Any CPU
		{0E08B205-0989-437E-AAB0-2A03E1E820A0}.Debug|x64.ActiveCfg = Debug|Any CPU
		{0E08B205-0989-437E-AAB0-2A03E1E820A0}.Debug|x64.Build.0 = Debug|Any CPU
		{0E08B205-0989-437E-AAB0-2A03E1E820A0}.Debug|x86.ActiveCfg = Debug|Any CPU
		{0E08B205-0989-437E-AAB0-2A03E1E820A0}.Debug|x86.Build.0 = Debug|Any CPU
		{0E08B205-0989-437E-AAB0-2A03E1E820A0}.Release|Any CPU.ActiveCfg = Release|Any CPU
		{0E08B205-0989-437E-AAB0-2A03E1E820A0}.Release|Any CPU.Build.0 = Release|Any CPU
		{0E08B205-0989-437E-AAB0-2A03E1E820A0}.Release|x64.ActiveCfg = Release|Any CPU
		{0E08B205-0989-437E-AAB0-2A03E1E820A0}.Release|x64.Build.0 = Release|Any CPU
		{0E08B205-0989-437E-AAB0-2A03E1E820A0}.Release|x86.ActiveCfg = Release|Any CPU
		{0E08B205-0989-437E-AAB0-2A03E1E820A0}.Release|x86.Build.0 = Release|Any CPU
		{DFBBE5D5-04F5-4577-AEB8-C12910327B55}.Debug|Any CPU.ActiveCfg = Debug|Any CPU
		{DFBBE5D5-04F5-4577-AEB8-C12910327B55}.Debug|Any CPU.Build.0 = Debug|Any CPU
		{DFBBE5D5-04F5-4577-AEB8-C12910327B55}.Debug|x64.ActiveCfg = Debug|Any CPU
		{DFBBE5D5-04F5-4577-AEB8-C12910327B55}.Debug|x64.Build.0 = Debug|Any CPU
		{DFBBE5D5-04F5-4577-AEB8-C12910327B55}.Debug|x86.ActiveCfg = Debug|Any CPU
		{DFBBE5D5-04F5-4577-AEB8-C12910327B55}.Debug|x86.Build.0 = Debug|Any CPU
		{DFBBE5D5-04F5-4577-AEB8-C12910327B55}.Release|Any CPU.ActiveCfg = Release|Any CPU
		{DFBBE5D5-04F5-4577-AEB8-C12910327B55}.Release|Any CPU.Build.0 = Release|Any CPU
		{DFBBE5D5-04F5-4577-AEB8-C12910327B55}.Release|x64.ActiveCfg = Release|Any CPU
		{DFBBE5D5-04F5-4577-AEB8-C12910327B55}.Release|x64.Build.0 = Release|Any CPU
		{DFBBE5D5-04F5-4577-AEB8-C12910327B55}.Release|x86.ActiveCfg = Release|Any CPU
		{DFBBE5D5-04F5-4577-AEB8-C12910327B55}.Release|x86.Build.0 = Release|Any CPU
	EndGlobalSection
	GlobalSection(SolutionProperties) = preSolution
		HideSolutionNode = FALSE
	EndGlobalSection
	GlobalSection(ExtensibilityGlobals) = postSolution
		SolutionGuid = {2EB075C0-D5BC-4A79-A3B8-A1294ABBFECF}
	EndGlobalSection
EndGlobal
