<Solution>
  <Configurations>
    <Platform Name="Any CPU" />
    <Platform Name="x64" />
    <Platform Name="x86" />
  </Configurations>
  <Folder Name="/Solution Items/">
    <File Path=".gitignore" />
    <File Path="LICENSE" />
    <File Path="README.md" />
  </Folder>
  <Project Path="HIBP.Toolkit.Tests/HIBP.Toolkit.Tests.csproj" />
  <Project Path="HIBP.Toolkit/HIBP.Toolkit.csproj" />
</Solution>
